
Microsoft Visual Studio Solution File, Format Version 12.00
# Visual Studio Version 16
VisualStudioVersion = 16.0.30114.105
MinimumVisualStudioVersion = 10.0.40219.1
Project("{2150E333-8FDC-42A3-9474-1A3956D46DE8}") = "Src", "Src", "{50DFF189-0A2A-44B4-B320-22885BFDDDAD}"
EndProject
Project("{FAE04EC0-301F-11D3-BF4B-00C04F79EFBC}") = "Application", "Src\Application\Application.csproj", "{7CB214F1-B330-4D53-BEC8-5A550F51C40A}"
EndProject
Project("{FAE04EC0-301F-11D3-BF4B-00C04F79EFBC}") = "Domain", "Src\Domain\Domain.csproj", "{40DB6F52-2C2C-47DE-BCA7-243D8FAE48EC}"
EndProject
Project("{FAE04EC0-301F-11D3-BF4B-00C04F79EFBC}") = "Infrastructure", "Src\Infrastructure\Infrastructure.csproj", "{5D1DCFC1-1375-4985-B5A6-B57CE05137A7}"
EndProject
Project("{FAE04EC0-301F-11D3-BF4B-00C04F79EFBC}") = "WebUI", "Src\WebUI\WebUI.csproj", "{DF38B68E-C097-4882-9E2D-7ED3B4729967}"
EndProject
Global
	GlobalSection(SolutionConfigurationPlatforms) = preSolution
		Debug|Any CPU = Debug|Any CPU
		Release|Any CPU = Release|Any CPU
	EndGlobalSection
	GlobalSection(SolutionProperties) = preSolution
		HideSolutionNode = FALSE
	EndGlobalSection
	GlobalSection(ProjectConfigurationPlatforms) = postSolution
		{7CB214F1-B330-4D53-BEC8-5A550F51C40A}.Debug|Any CPU.ActiveCfg = Debug|Any CPU
		{7CB214F1-B330-4D53-BEC8-5A550F51C40A}.Debug|Any CPU.Build.0 = Debug|Any CPU
		{7CB214F1-B330-4D53-BEC8-5A550F51C40A}.Release|Any CPU.ActiveCfg = Release|Any CPU
		{7CB214F1-B330-4D53-BEC8-5A550F51C40A}.Release|Any CPU.Build.0 = Release|Any CPU
		{40DB6F52-2C2C-47DE-BCA7-243D8FAE48EC}.Debug|Any CPU.ActiveCfg = Debug|Any CPU
		{40DB6F52-2C2C-47DE-BCA7-243D8FAE48EC}.Debug|Any CPU.Build.0 = Debug|Any CPU
		{40DB6F52-2C2C-47DE-BCA7-243D8FAE48EC}.Release|Any CPU.ActiveCfg = Release|Any CPU
		{40DB6F52-2C2C-47DE-BCA7-243D8FAE48EC}.Release|Any CPU.Build.0 = Release|Any CPU
		{5D1DCFC1-1375-4985-B5A6-B57CE05137A7}.Debug|Any CPU.ActiveCfg = Debug|Any CPU
		{5D1DCFC1-1375-4985-B5A6-B57CE05137A7}.Debug|Any CPU.Build.0 = Debug|Any CPU
		{5D1DCFC1-1375-4985-B5A6-B57CE05137A7}.Release|Any CPU.ActiveCfg = Release|Any CPU
		{5D1DCFC1-1375-4985-B5A6-B57CE05137A7}.Release|Any CPU.Build.0 = Release|Any CPU
		{DF38B68E-C097-4882-9E2D-7ED3B4729967}.Debug|Any CPU.ActiveCfg = Debug|Any CPU
		{DF38B68E-C097-4882-9E2D-7ED3B4729967}.Debug|Any CPU.Build.0 = Debug|Any CPU
		{DF38B68E-C097-4882-9E2D-7ED3B4729967}.Release|Any CPU.ActiveCfg = Release|Any CPU
		{DF38B68E-C097-4882-9E2D-7ED3B4729967}.Release|Any CPU.Build.0 = Release|Any CPU
	EndGlobalSection
	GlobalSection(NestedProjects) = preSolution
		{7CB214F1-B330-4D53-BEC8-5A550F51C40A} = {50DFF189-0A2A-44B4-B320-22885BFDDDAD}
		{40DB6F52-2C2C-47DE-BCA7-243D8FAE48EC} = {50DFF189-0A2A-44B4-B320-22885BFDDDAD}
		{5D1DCFC1-1375-4985-B5A6-B57CE05137A7} = {50DFF189-0A2A-44B4-B320-22885BFDDDAD}
		{DF38B68E-C097-4882-9E2D-7ED3B4729967} = {50DFF189-0A2A-44B4-B320-22885BFDDDAD}
	EndGlobalSection
EndGlobal
